
Microsoft Visual Studio Solution File, Format Version 11.00
# Visual Studio 2010
Project("{FAE04EC0-301F-11D3-BF4B-00C04F79EFBC}") = "PCalc", "PCalc\PCalc.csproj", "{9DDF5EAD-3687-4D74-B4D0-FF969A0B3843}"
EndProject
Global
	GlobalSection(SolutionConfigurationPlatforms) = preSolution
		Debug|x86 = Debug|x86
		Release|x86 = Release|x86
	EndGlobalSection
	GlobalSection(ProjectConfigurationPlatforms) = postSolution
		{9DDF5EAD-3687-4D74-B4D0-FF969A0B3843}.Debug|x86.ActiveCfg = Debug|x86
		{9DDF5EAD-3687-4D74-B4D0-FF969A0B3843}.Debug|x86.Build.0 = Debug|x86
		{9DDF5EAD-3687-4D74-B4D0-FF969A0B3843}.Release|x86.ActiveCfg = Release|x86
		{9DDF5EAD-3687-4D74-B4D0-FF969A0B3843}.Release|x86.Build.0 = Release|x86
	EndGlobalSection
	GlobalSection(MonoDevelopProperties) = preSolution
		StartupItem = PCalc\PCalc.csproj
	EndGlobalSection
EndGlobal
